{
    "version": 3,
    "terraform_version": "0.11.10",
    "serial": 23,
    "lineage": "fe6a8795-c65b-4b51-495f-b4af64368b66",
    "modules": [
        {
            "path": [
                "root"
            ],
            "outputs": {},
            "resources": {
                "aws_internet_gateway.david_gateway": {
                    "type": "aws_internet_gateway",
                    "depends_on": [
                        "aws_vpc.david_vpc"
                    ],
                    "primary": {
                        "id": "igw-0b98b5754b984b45e",
                        "attributes": {
                            "id": "igw-0b98b5754b984b45e",
                            "tags.%": "1",
                            "tags.Name": "david-gateway",
                            "vpc_id": "vpc-07a3a7088f81940d8"
                        },
                        "meta": {},
                        "tainted": false
                    },
                    "deposed": [],
                    "provider": "provider.aws"
                },
                "aws_launch_configuration.david_launch_conf": {
                    "type": "aws_launch_configuration",
                    "depends_on": [],
                    "primary": {
                        "id": "david-auto-instance-20181113133705873900000001",
                        "attributes": {
                            "associate_public_ip_address": "true",
                            "ebs_block_device.#": "0",
                            "ebs_optimized": "false",
                            "enable_monitoring": "true",
                            "ephemeral_block_device.#": "0",
                            "iam_instance_profile": "",
                            "id": "david-auto-instance-20181113133705873900000001",
                            "image_id": "ami-04652c544988c667d",
                            "instance_type": "t2.micro",
                            "key_name": "DevOpsStudents",
                            "name": "david-auto-instance-20181113133705873900000001",
                            "name_prefix": "david-auto-instance-",
                            "root_block_device.#": "0",
                            "security_groups.#": "1",
                            "security_groups.4209649079": "sg-051522078c5e51ed2",
                            "spot_price": "",
                            "user_data": "50cf41006d6b897ff7c7ffbc5109349eabf3623d",
                            "vpc_classic_link_id": "",
                            "vpc_classic_link_security_groups.#": "0"
                        },
                        "meta": {},
                        "tainted": false
                    },
                    "deposed": [],
                    "provider": "provider.aws"
                },
                "aws_lb.david_lb": {
                    "type": "aws_lb",
                    "depends_on": [
                        "module.app"
                    ],
                    "primary": {
                        "id": "arn:aws:elasticloadbalancing:eu-west-1:135928476890:loadbalancer/net/david-lb/206934c5c34cc5d1",
                        "attributes": {
                            "access_logs.#": "1",
                            "arn": "arn:aws:elasticloadbalancing:eu-west-1:135928476890:loadbalancer/net/david-lb/206934c5c34cc5d1",
                            "arn_suffix": "net/david-lb/206934c5c34cc5d1",
                            "dns_name": "david-lb-206934c5c34cc5d1.elb.eu-west-1.amazonaws.com",
                            "enable_cross_zone_load_balancing": "false",
                            "enable_deletion_protection": "true",
                            "id": "arn:aws:elasticloadbalancing:eu-west-1:135928476890:loadbalancer/net/david-lb/206934c5c34cc5d1",
                            "internal": "false",
                            "ip_address_type": "ipv4",
                            "load_balancer_type": "network",
                            "name": "david-lb",
                            "security_groups.#": "0",
                            "subnet_mapping.#": "1",
                            "subnet_mapping.2496689329.allocation_id": "",
                            "subnet_mapping.2496689329.subnet_id": "subnet-014381d1668313fcf",
                            "subnets.#": "1",
                            "subnets.3139782018": "subnet-014381d1668313fcf",
                            "tags.%": "1",
                            "tags.Name": "david_lb",
                            "vpc_id": "vpc-07a3a7088f81940d8",
                            "zone_id": "Z2IFOLAFXWLO4F"
                        },
                        "meta": {
                            "e2bfb730-ecaa-11e6-8f88-34363bc7c4c0": {
                                "create": 600000000000,
                                "delete": 600000000000,
                                "update": 600000000000
                            }
                        },
                        "tainted": false
                    },
                    "deposed": [],
                    "provider": "provider.aws"
                },
                "aws_vpc.david_vpc": {
                    "type": "aws_vpc",
                    "depends_on": [],
                    "primary": {
                        "id": "vpc-07a3a7088f81940d8",
                        "attributes": {
                            "arn": "arn:aws:ec2:eu-west-1:135928476890:vpc/vpc-07a3a7088f81940d8",
                            "assign_generated_ipv6_cidr_block": "false",
                            "cidr_block": "10.0.0.0/16",
                            "default_network_acl_id": "acl-03615c012166b6e71",
                            "default_route_table_id": "rtb-0ed920dd8fb36a695",
                            "default_security_group_id": "sg-0b07eb1a8abbc6c9c",
                            "dhcp_options_id": "dopt-18d5d77d",
                            "enable_classiclink": "false",
                            "enable_classiclink_dns_support": "false",
                            "enable_dns_hostnames": "true",
                            "enable_dns_support": "true",
                            "id": "vpc-07a3a7088f81940d8",
                            "instance_tenancy": "default",
                            "main_route_table_id": "rtb-0ed920dd8fb36a695",
                            "tags.%": "1",
                            "tags.Name": "David-vpc"
                        },
                        "meta": {
                            "schema_version": "1"
                        },
                        "tainted": false
                    },
                    "deposed": [],
                    "provider": "provider.aws"
                }
            },
            "depends_on": []
        },
        {
            "path": [
                "root",
                "app"
            ],
            "outputs": {
                "route_table": {
                    "sensitive": false,
                    "type": "string",
                    "value": "rtb-048490a05307338b3"
                },
                "security_group": {
                    "sensitive": false,
                    "type": "string",
                    "value": "sg-051522078c5e51ed2"
                },
                "subnet": {
                    "sensitive": false,
                    "type": "string",
                    "value": "subnet-014381d1668313fcf"
                }
            },
            "resources": {
                "aws_network_acl.david_public_nacl": {
                    "type": "aws_network_acl",
                    "depends_on": [
                        "aws_subnet.David_public_subnet"
                    ],
                    "primary": {
                        "id": "acl-03a75ba87b8c365a6",
                        "attributes": {
                            "egress.#": "3",
                            "egress.2843162664.action": "allow",
                            "egress.2843162664.cidr_block": "0.0.0.0/0",
                            "egress.2843162664.from_port": "1024",
                            "egress.2843162664.icmp_code": "0",
                            "egress.2843162664.icmp_type": "0",
                            "egress.2843162664.ipv6_cidr_block": "",
                            "egress.2843162664.protocol": "6",
                            "egress.2843162664.rule_no": "202",
                            "egress.2843162664.to_port": "65535",
                            "egress.4049927688.action": "allow",
                            "egress.4049927688.cidr_block": "10.0.1.0/24",
                            "egress.4049927688.from_port": "27017",
                            "egress.4049927688.icmp_code": "0",
                            "egress.4049927688.icmp_type": "0",
                            "egress.4049927688.ipv6_cidr_block": "",
                            "egress.4049927688.protocol": "6",
                            "egress.4049927688.rule_no": "201",
                            "egress.4049927688.to_port": "27017",
                            "egress.766065271.action": "allow",
                            "egress.766065271.cidr_block": "0.0.0.0/0",
                            "egress.766065271.from_port": "80",
                            "egress.766065271.icmp_code": "0",
                            "egress.766065271.icmp_type": "0",
                            "egress.766065271.ipv6_cidr_block": "",
                            "egress.766065271.protocol": "6",
                            "egress.766065271.rule_no": "200",
                            "egress.766065271.to_port": "80",
                            "id": "acl-03a75ba87b8c365a6",
                            "ingress.#": "3",
                            "ingress.2227912905.action": "allow",
                            "ingress.2227912905.cidr_block": "0.0.0.0/0",
                            "ingress.2227912905.from_port": "22",
                            "ingress.2227912905.icmp_code": "0",
                            "ingress.2227912905.icmp_type": "0",
                            "ingress.2227912905.ipv6_cidr_block": "",
                            "ingress.2227912905.protocol": "6",
                            "ingress.2227912905.rule_no": "101",
                            "ingress.2227912905.to_port": "22",
                            "ingress.2654803892.action": "allow",
                            "ingress.2654803892.cidr_block": "0.0.0.0/0",
                            "ingress.2654803892.from_port": "80",
                            "ingress.2654803892.icmp_code": "0",
                            "ingress.2654803892.icmp_type": "0",
                            "ingress.2654803892.ipv6_cidr_block": "",
                            "ingress.2654803892.protocol": "6",
                            "ingress.2654803892.rule_no": "100",
                            "ingress.2654803892.to_port": "80",
                            "ingress.451089899.action": "allow",
                            "ingress.451089899.cidr_block": "0.0.0.0/0",
                            "ingress.451089899.from_port": "1024",
                            "ingress.451089899.icmp_code": "0",
                            "ingress.451089899.icmp_type": "0",
                            "ingress.451089899.ipv6_cidr_block": "",
                            "ingress.451089899.protocol": "6",
                            "ingress.451089899.rule_no": "102",
                            "ingress.451089899.to_port": "65535",
                            "subnet_ids.#": "1",
                            "subnet_ids.3139782018": "subnet-014381d1668313fcf",
                            "tags.%": "1",
                            "tags.Name": "David-public-nacl",
                            "vpc_id": "vpc-07a3a7088f81940d8"
                        },
                        "meta": {},
                        "tainted": false
                    },
                    "deposed": [],
                    "provider": "provider.aws"
                },
                "aws_route_table.david_route_table": {
                    "type": "aws_route_table",
                    "depends_on": [],
                    "primary": {
                        "id": "rtb-048490a05307338b3",
                        "attributes": {
                            "id": "rtb-048490a05307338b3",
                            "propagating_vgws.#": "0",
                            "route.#": "1",
                            "route.577415766.cidr_block": "0.0.0.0/0",
                            "route.577415766.egress_only_gateway_id": "",
                            "route.577415766.gateway_id": "igw-0b98b5754b984b45e",
                            "route.577415766.instance_id": "",
                            "route.577415766.ipv6_cidr_block": "",
                            "route.577415766.nat_gateway_id": "",
                            "route.577415766.network_interface_id": "",
                            "route.577415766.vpc_peering_connection_id": "",
                            "tags.%": "1",
                            "tags.Name": "main",
                            "vpc_id": "vpc-07a3a7088f81940d8"
                        },
                        "meta": {},
                        "tainted": false
                    },
                    "deposed": [],
                    "provider": "provider.aws"
                },
                "aws_route_table_association.david_pub_rta": {
                    "type": "aws_route_table_association",
                    "depends_on": [
                        "aws_route_table.david_route_table",
                        "aws_subnet.David_public_subnet"
                    ],
                    "primary": {
                        "id": "rtbassoc-0ba54b556db51f21c",
                        "attributes": {
                            "id": "rtbassoc-0ba54b556db51f21c",
                            "route_table_id": "rtb-048490a05307338b3",
                            "subnet_id": "subnet-014381d1668313fcf"
                        },
                        "meta": {},
                        "tainted": false
                    },
                    "deposed": [],
                    "provider": "provider.aws"
                },
                "aws_security_group.david_public_sg": {
                    "type": "aws_security_group",
                    "depends_on": [],
                    "primary": {
                        "id": "sg-051522078c5e51ed2",
                        "attributes": {
                            "arn": "arn:aws:ec2:eu-west-1:135928476890:security-group/sg-051522078c5e51ed2",
                            "description": "security group for davids public subnet",
                            "egress.#": "1",
                            "egress.482069346.cidr_blocks.#": "1",
                            "egress.482069346.cidr_blocks.0": "0.0.0.0/0",
                            "egress.482069346.description": "",
                            "egress.482069346.from_port": "0",
                            "egress.482069346.ipv6_cidr_blocks.#": "0",
                            "egress.482069346.prefix_list_ids.#": "0",
                            "egress.482069346.protocol": "-1",
                            "egress.482069346.security_groups.#": "0",
                            "egress.482069346.self": "false",
                            "egress.482069346.to_port": "0",
                            "id": "sg-051522078c5e51ed2",
                            "ingress.#": "2",
                            "ingress.2214680975.cidr_blocks.#": "1",
                            "ingress.2214680975.cidr_blocks.0": "0.0.0.0/0",
                            "ingress.2214680975.description": "",
                            "ingress.2214680975.from_port": "80",
                            "ingress.2214680975.ipv6_cidr_blocks.#": "0",
                            "ingress.2214680975.prefix_list_ids.#": "0",
                            "ingress.2214680975.protocol": "tcp",
                            "ingress.2214680975.security_groups.#": "0",
                            "ingress.2214680975.self": "false",
                            "ingress.2214680975.to_port": "80",
                            "ingress.2541437006.cidr_blocks.#": "1",
                            "ingress.2541437006.cidr_blocks.0": "0.0.0.0/0",
                            "ingress.2541437006.description": "",
                            "ingress.2541437006.from_port": "22",
                            "ingress.2541437006.ipv6_cidr_blocks.#": "0",
                            "ingress.2541437006.prefix_list_ids.#": "0",
                            "ingress.2541437006.protocol": "tcp",
                            "ingress.2541437006.security_groups.#": "0",
                            "ingress.2541437006.self": "false",
                            "ingress.2541437006.to_port": "22",
                            "name": "david-public-sg",
                            "owner_id": "135928476890",
                            "revoke_rules_on_delete": "false",
                            "tags.%": "1",
                            "tags.Name": "david-public-sg",
                            "vpc_id": "vpc-07a3a7088f81940d8"
                        },
                        "meta": {
                            "e2bfb730-ecaa-11e6-8f88-34363bc7c4c0": {
                                "create": 600000000000,
                                "delete": 600000000000
                            },
                            "schema_version": "1"
                        },
                        "tainted": false
                    },
                    "deposed": [],
                    "provider": "provider.aws"
                },
                "aws_subnet.David_public_subnet": {
                    "type": "aws_subnet",
                    "depends_on": [],
                    "primary": {
                        "id": "subnet-014381d1668313fcf",
                        "attributes": {
                            "arn": "arn:aws:ec2:eu-west-1:135928476890:subnet/subnet-014381d1668313fcf",
                            "assign_ipv6_address_on_creation": "false",
                            "availability_zone": "eu-west-1b",
                            "cidr_block": "10.0.1.0/24",
                            "id": "subnet-014381d1668313fcf",
                            "map_public_ip_on_launch": "true",
                            "tags.%": "1",
                            "tags.Name": "David-public-subnet",
                            "vpc_id": "vpc-07a3a7088f81940d8"
                        },
                        "meta": {
                            "e2bfb730-ecaa-11e6-8f88-34363bc7c4c0": {
                                "create": 600000000000,
                                "delete": 600000000000
                            },
                            "schema_version": "1"
                        },
                        "tainted": false
                    },
                    "deposed": [],
                    "provider": "provider.aws"
                }
            },
            "depends_on": []
        },
        {
            "path": [
                "root",
                "db"
            ],
            "outputs": {},
            "resources": {},
            "depends_on": []
        }
    ]
}
